# THIS IS AN AUTOGENERATED FILE. DO NOT EDIT THIS FILE DIRECTLY.
# yarn lockfile v1


"@next/env@12.1.1-canary.17":
  version "12.1.1-canary.17"
  resolved "https://registry.yarnpkg.com/@next/env/-/env-12.1.1-canary.17.tgz#901cbd0ec0bd8e79f46dc20bd0f26272aa142d43"
  integrity sha512-wh4S/HKsqpJ4EjlCLoucFXbw+AKsqBQjwLYqIuCl0bVq3wNjfC52mfaE8ooS4JJlSD77RyzihOE4Jv5UhcQqKQ==

"@next/swc-android-arm-eabi@12.1.1-canary.17":
  version "12.1.1-canary.17"
  resolved "https://registry.yarnpkg.com/@next/swc-android-arm-eabi/-/swc-android-arm-eabi-12.1.1-canary.17.tgz#42508589bcc5a4d2ea925ab5d2c87a9a52433c5f"
  integrity sha512-dtX4DAFx8O2j3kc44ClafRqUG7b37vw7oii6xGUdcF23iIsCwTeKlhZpCUHiCaffc3PcdWJxd+A0aTrNIDMqaQ==

"@next/swc-android-arm64@12.1.1-canary.17":
  version "12.1.1-canary.17"
  resolved "https://registry.yarnpkg.com/@next/swc-android-arm64/-/swc-android-arm64-12.1.1-canary.17.tgz#4ecb35dc8ddfecaec8d637349f0f913f7e44e52d"
  integrity sha512-b/YnZlE9u07m9rCGQxyXTKNwjrtZvpZDAzLsDSzINHr6olAlPPDdl4E97XZFRMTeRaqiK7Bknyy9Xvgze9bt/w==

"@next/swc-darwin-arm64@12.1.1-canary.17":
  version "12.1.1-canary.17"
  resolved "https://registry.yarnpkg.com/@next/swc-darwin-arm64/-/swc-darwin-arm64-12.1.1-canary.17.tgz#91250a449651de3767590f07e885507c32febe36"
  integrity sha512-432HZgtTdM+RKMKBAfohkf3bRmGpM0FR9rdexQvMqrgp5tNunNBaJF3+0V+tYM2E8vZm5ruCQ0Bjs2Cvfs0L5A==

"@next/swc-darwin-x64@12.1.1-canary.17":
  version "12.1.1-canary.17"
  resolved "https://registry.yarnpkg.com/@next/swc-darwin-x64/-/swc-darwin-x64-12.1.1-canary.17.tgz#9fb2d589cc237aa14aec1eb6733a958e6483c2ce"
  integrity sha512-tv1uNyo7EXT56sUCu7FqsyuQvuFC82GCRsK5OoeBoTzy2S+y/bzMaWv2vdeRNww98gn/hb7K4ljqmUNjKdL/sA==

"@next/swc-linux-arm-gnueabihf@12.1.1-canary.17":
  version "12.1.1-canary.17"
  resolved "https://registry.yarnpkg.com/@next/swc-linux-arm-gnueabihf/-/swc-linux-arm-gnueabihf-12.1.1-canary.17.tgz#05ad306a7017d77dc1b9dc9c9853e91c31deff3c"
  integrity sha512-JX0oSFgAWHbx+QQHUQftNJGUNWybqZjZnyQe8xgLi5yq1O16FlInw8P4pFWTw8p93ed7uMYUhvNz0NVnuLzayw==

"@next/swc-linux-arm64-gnu@12.1.1-canary.17":
  version "12.1.1-canary.17"
  resolved "https://registry.yarnpkg.com/@next/swc-linux-arm64-gnu/-/swc-linux-arm64-gnu-12.1.1-canary.17.tgz#3b858b697ad5eb5264a72ad6c493e111e6016cf8"
  integrity sha512-u1GNJ6iBCnE4rXPn/QMebB+QktQWrL5FHS4uaVUDjD/YHv2oAUHGtIEKCbD2ToyULDp7I82UGwk1MdPZVNLUgA==

"@next/swc-linux-arm64-musl@12.1.1-canary.17":
  version "12.1.1-canary.17"
  resolved "https://registry.yarnpkg.com/@next/swc-linux-arm64-musl/-/swc-linux-arm64-musl-12.1.1-canary.17.tgz#b85c981af76295811ede8f4c9e726be413279abd"
  integrity sha512-euMGTtDG78I1PWaJ/zUbbH7u/ypBDPlVcu1mhleD/4FMQdUQmfGNZhxWr1KS7VC+K4/Nyqjk9oG7O0uztuwJjA==

"@next/swc-linux-x64-gnu@12.1.1-canary.17":
  version "12.1.1-canary.17"
  resolved "https://registry.yarnpkg.com/@next/swc-linux-x64-gnu/-/swc-linux-x64-gnu-12.1.1-canary.17.tgz#474effdd10f7350a000a9ce13ca45522733b88a5"
  integrity sha512-SPBsAH+9mwbuWxVaqrjW/EdBOZLRwMMocwDi7AAjVlG6o/ocG3zEM+D8/Ok0vVufpD+mhdmpguajhrYkkG9NVA==

"@next/swc-linux-x64-musl@12.1.1-canary.17":
  version "12.1.1-canary.17"
  resolved "https://registry.yarnpkg.com/@next/swc-linux-x64-musl/-/swc-linux-x64-musl-12.1.1-canary.17.tgz#c759e7ef6c5a4f02b155a2cb61406019a6dfeb59"
  integrity sha512-o90f0R/1ZAM0FQMs9XrlCIy5o+KLdsTNjVN/SCI+ftMnTpi6QKzIsJKN/e9/yWsBx+pzYjgJFFgKDFc1PrnsVw==

"@next/swc-win32-arm64-msvc@12.1.1-canary.17":
  version "12.1.1-canary.17"
  resolved "https://registry.yarnpkg.com/@next/swc-win32-arm64-msvc/-/swc-win32-arm64-msvc-12.1.1-canary.17.tgz#f63a43bbb7b5698350d4452ea21d7fe7f4629c2a"
  integrity sha512-2isOCU1gGx78/LX/HOoar37p0mju14T7iZs5X71C+CmU6nvjV7eGj1V8M6y1ESZK+uEwN3gw+IwhXKFHmeolnQ==

"@next/swc-win32-ia32-msvc@12.1.1-canary.17":
  version "12.1.1-canary.17"
  resolved "https://registry.yarnpkg.com/@next/swc-win32-ia32-msvc/-/swc-win32-ia32-msvc-12.1.1-canary.17.tgz#3ebfbad4f43636cb9621cc24517288c0ae1a76eb"
  integrity sha512-hyHIWbASqn1Eemo6QHa26/Nv/1bUyImKOo5NzXcCn7wPws5IsyRlu6AnlIc8ADSXiM+VkULj6xTreGuzko44KQ==

"@next/swc-win32-x64-msvc@12.1.1-canary.17":
  version "12.1.1-canary.17"
  resolved "https://registry.yarnpkg.com/@next/swc-win32-x64-msvc/-/swc-win32-x64-msvc-12.1.1-canary.17.tgz#2099a52c55997487b05300071b385f3e7e254d0c"
  integrity sha512-TCTAKg9xx3Q5vuUI3V1tM+v6mb5n78B9TsW5Gr++J63X5Y6f1BhlRxb2GEHU6FAaXXjI33mqhl1KJcuTXPTELg==

caniuse-lite@^1.0.30001283:
  version "1.0.30001320"
  resolved "https://registry.yarnpkg.com/caniuse-lite/-/caniuse-lite-1.0.30001320.tgz#8397391bec389b8ccce328636499b7284ee13285"
  integrity sha512-MWPzG54AGdo3nWx7zHZTefseM5Y1ccM7hlQKHRqJkPozUaw3hNbBTMmLn16GG2FUzjR13Cr3NPfhIieX5PzXDA==

"js-tokens@^3.0.0 || ^4.0.0":
  version "4.0.0"
  resolved "https://registry.yarnpkg.com/js-tokens/-/js-tokens-4.0.0.tgz#19203fb59991df98e3a287050d4647cdeaf32499"
  integrity sha512-RdJUflcE3cUzKiMqQgsCu06FPu9UdIJO0beYbPhHN4k6apgJtifcoCtT9bcxOpYBtpD2kCM6Sbzg4CausW/PKQ==

loose-envify@^1.1.0:
  version "1.4.0"
  resolved "https://registry.yarnpkg.com/loose-envify/-/loose-envify-1.4.0.tgz#71ee51fa7be4caec1a63839f7e682d8132d30caf"
  integrity sha512-lyuxPGr/Wfhrlem2CL/UcnUc1zcqKAImBDzukY7Y5F/yQiNdko6+fRLevlw1HgMySw7f611UIY408EtxRSoK3Q==
  dependencies:
    js-tokens "^3.0.0 || ^4.0.0"

nanoid@^3.1.30:
  version "3.3.1"
  resolved "https://registry.yarnpkg.com/nanoid/-/nanoid-3.3.1.tgz#6347a18cac88af88f58af0b3594b723d5e99bb35"
  integrity sha512-n6Vs/3KGyxPQd6uO0eH4Bv0ojGSUvuLlIHtC3Y0kEO23YRge8H9x1GCzLn28YX0H66pMkxuaeESFq4tKISKwdw==

next@^12.1.1-canary.17:
  version "12.1.1-canary.17"
  resolved "https://registry.yarnpkg.com/next/-/next-12.1.1-canary.17.tgz#f91a2b1da181627777ca6be84474e89f8b4f9056"
  integrity sha512-QSONnXbFbZ/ud4PIF4brccOACidxd+QhlN591TjGlqLJDd4MV7llV7ZY4QQE1pIXzFZNzGa1pURgyKjzS5tqRw==
  dependencies:
    "@next/env" "12.1.1-canary.17"
    caniuse-lite "^1.0.30001283"
    postcss "8.4.5"
    styled-jsx "5.0.1"
    use-subscription "1.5.1"
  optionalDependencies:
    "@next/swc-android-arm-eabi" "12.1.1-canary.17"
    "@next/swc-android-arm64" "12.1.1-canary.17"
    "@next/swc-darwin-arm64" "12.1.1-canary.17"
    "@next/swc-darwin-x64" "12.1.1-canary.17"
    "@next/swc-linux-arm-gnueabihf" "12.1.1-canary.17"
    "@next/swc-linux-arm64-gnu" "12.1.1-canary.17"
    "@next/swc-linux-arm64-musl" "12.1.1-canary.17"
    "@next/swc-linux-x64-gnu" "12.1.1-canary.17"
    "@next/swc-linux-x64-musl" "12.1.1-canary.17"
    "@next/swc-win32-arm64-msvc" "12.1.1-canary.17"
    "@next/swc-win32-ia32-msvc" "12.1.1-canary.17"
    "@next/swc-win32-x64-msvc" "12.1.1-canary.17"

object-assign@^4.1.1:
  version "4.1.1"
  resolved "https://registry.yarnpkg.com/object-assign/-/object-assign-4.1.1.tgz#2109adc7965887cfc05cbbd442cac8bfbb360863"
  integrity sha1-IQmtx5ZYh8/AXLvUQsrIv7s2CGM=

picocolors@^1.0.0:
  version "1.0.0"
  resolved "https://registry.yarnpkg.com/picocolors/-/picocolors-1.0.0.tgz#cb5bdc74ff3f51892236eaf79d68bc44564ab81c"
  integrity sha512-1fygroTLlHu66zi26VoTDv8yRgm0Fccecssto+MhsZ0D/DGW2sm8E8AjW7NU5VVTRt5GxbeZ5qBuJr+HyLYkjQ==

postcss@8.4.5:
  version "8.4.5"
  resolved "https://registry.yarnpkg.com/postcss/-/postcss-8.4.5.tgz#bae665764dfd4c6fcc24dc0fdf7e7aa00cc77f95"
  integrity sha512-jBDboWM8qpaqwkMwItqTQTiFikhs/67OYVvblFFTM7MrZjt6yMKd6r2kgXizEbTTljacm4NldIlZnhbjr84QYg==
  dependencies:
    nanoid "^3.1.30"
    picocolors "^1.0.0"
    source-map-js "^1.0.1"

react-dom@^17.0.2:
  version "17.0.2"
  resolved "https://registry.yarnpkg.com/react-dom/-/react-dom-17.0.2.tgz#ecffb6845e3ad8dbfcdc498f0d0a939736502c23"
  integrity sha512-s4h96KtLDUQlsENhMn1ar8t2bEa+q/YAtj8pPPdIjPDGBDIVNsrD9aXNWqspUe6AzKCIG0C1HZZLqLV7qpOBGA==
  dependencies:
    loose-envify "^1.1.0"
    object-assign "^4.1.1"
    scheduler "^0.20.2"

react@^17.0.2:
  version "17.0.2"
  resolved "https://registry.yarnpkg.com/react/-/react-17.0.2.tgz#d0b5cc516d29eb3eee383f75b62864cfb6800037"
  integrity sha512-gnhPt75i/dq/z3/6q/0asP78D0u592D5L1pd7M8P+dck6Fu/jJeL6iVVK23fptSUZj8Vjf++7wXA8UNclGQcbA==
  dependencies:
    loose-envify "^1.1.0"
    object-assign "^4.1.1"

scheduler@^0.20.2:
  version "0.20.2"
  resolved "https://registry.yarnpkg.com/scheduler/-/scheduler-0.20.2.tgz#4baee39436e34aa93b4874bddcbf0fe8b8b50e91"
  integrity sha512-2eWfGgAqqWFGqtdMmcL5zCMK1U8KlXv8SQFGglL3CEtd0aDVDWgeF/YoCmvln55m5zSk3J/20hTaSBeSObsQDQ==
  dependencies:
    loose-envify "^1.1.0"
    object-assign "^4.1.1"

source-map-js@^1.0.1:
  version "1.0.2"
  resolved "https://registry.yarnpkg.com/source-map-js/-/source-map-js-1.0.2.tgz#adbc361d9c62df380125e7f161f71c826f1e490c"
  integrity sha512-R0XvVJ9WusLiqTCEiGCmICCMplcCkIwwR11mOSD9CR5u+IXYdiseeEuXCVAjS54zqwkLcPNnmU4OeJ6tUrWhDw==

styled-jsx@5.0.1:
  version "5.0.1"
  resolved "https://registry.yarnpkg.com/styled-jsx/-/styled-jsx-5.0.1.tgz#78fecbbad2bf95ce6cd981a08918ce4696f5fc80"
  integrity sha512-+PIZ/6Uk40mphiQJJI1202b+/dYeTVd9ZnMPR80pgiWbjIwvN2zIp4r9et0BgqBuShh48I0gttPlAXA7WVvBxw==

use-subscription@1.5.1:
  version "1.5.1"
  resolved "https://registry.yarnpkg.com/use-subscription/-/use-subscription-1.5.1.tgz#73501107f02fad84c6dd57965beb0b75c68c42d1"
  integrity sha512-Xv2a1P/yReAjAbhylMfFplFKj9GssgTwN7RlcTxBujFQcloStWNDQdc4g4NRWH9xS4i/FDk04vQBptAXoF3VcA==
  dependencies:
    object-assign "^4.1.1"
